PODS:
  - PromiseKit (6.8.3):
    - PromiseKit/CorePromise (= 6.8.3)
    - PromiseKit/Foundation (= 6.8.3)
    - PromiseKit/UIKit (= 6.8.3)
  - PromiseKit/CorePromise (6.8.3)
  - PromiseKit/Foundation (6.8.3):
    - PromiseKit/CorePromise
  - PromiseKit/UIKit (6.8.3):
    - PromiseKit/CorePromise
  - SnapKit (4.2.0)
  - SwiftRichString (2.1.0)
  - SwiftyJSON (4.2.0)

DEPENDENCIES:
  - PromiseKit
  - SnapKit
  - SwiftRichString
  - SwiftyJSON

SPEC REPOS:
  https://github.com/cocoapods/specs.git:
    - PromiseKit
    - SnapKit
    - SwiftRichString
    - SwiftyJSON

SPEC CHECKSUMS:
  PromiseKit: 94c6e781838c5bf4717677d0d882b0e7250c80fc
  SnapKit: fe8a619752f3f27075cc9a90244d75c6c3f27e2a
  SwiftRichString: 810a93f438ee273619d0023c389584d6aeef015d
  SwiftyJSON: c4bcba26dd9ec7a027fc8eade48e2c911f229e96

PODFILE CHECKSUM: 11c7818d79afbc67f9a95815c7fee145c6c217bb

COCOAPODS: 1.5.3
